
Microsoft Visual Studio Solution File, Format Version 12.00
# Visual Studio 15
VisualStudioVersion = 15.0.27004.2005
MinimumVisualStudioVersion = 10.0.40219.1
Project("{9A19103F-16F7-4668-BE54-9A1E7A4F7556}") = "RateWebhook", "src\RateWebhook\RateWebhook.csproj", "{FAAB9900-6045-48C7-BF97-10FC5F761A1D}"
EndProject
Project("{9A19103F-16F7-4668-BE54-9A1E7A4F7556}") = "QuoteEngine", "src\QuoteEngine\QuoteEngine.csproj", "{FB3595DE-080C-484A-9742-E43994F925FA}"
EndProject
Project("{9A19103F-16F7-4668-BE54-9A1E7A4F7556}") = "Infrastructure", "src\Infrastructure\Infrastructure.csproj", "{24BB16C1-4BE8-4153-A060-45599F027D9E}"
EndProject
Project("{9A19103F-16F7-4668-BE54-9A1E7A4F7556}") = "Contracts", "src\Contracts\Contracts.csproj", "{336DB0A1-C4BB-4B4B-8FDA-7DE6B5E54713}"
EndProject
Project("{E53339B2-1760-4266-BCC7-CA923CBCF16C}") = "Docker", "src\Docker\docker-compose.dcproj", "{2DBDFA1F-1187-452D-9343-910B7DF9839B}"
EndProject
Global
	GlobalSection(SolutionConfigurationPlatforms) = preSolution
		Debug|Any CPU = Debug|Any CPU
		Release|Any CPU = Release|Any CPU
	EndGlobalSection
	GlobalSection(ProjectConfigurationPlatforms) = postSolution
		{FAAB9900-6045-48C7-BF97-10FC5F761A1D}.Debug|Any CPU.ActiveCfg = Debug|Any CPU
		{FAAB9900-6045-48C7-BF97-10FC5F761A1D}.Debug|Any CPU.Build.0 = Debug|Any CPU
		{FAAB9900-6045-48C7-BF97-10FC5F761A1D}.Release|Any CPU.ActiveCfg = Release|Any CPU
		{FAAB9900-6045-48C7-BF97-10FC5F761A1D}.Release|Any CPU.Build.0 = Release|Any CPU
		{FB3595DE-080C-484A-9742-E43994F925FA}.Debug|Any CPU.ActiveCfg = Debug|Any CPU
		{FB3595DE-080C-484A-9742-E43994F925FA}.Debug|Any CPU.Build.0 = Debug|Any CPU
		{FB3595DE-080C-484A-9742-E43994F925FA}.Release|Any CPU.ActiveCfg = Release|Any CPU
		{FB3595DE-080C-484A-9742-E43994F925FA}.Release|Any CPU.Build.0 = Release|Any CPU
		{24BB16C1-4BE8-4153-A060-45599F027D9E}.Debug|Any CPU.ActiveCfg = Debug|Any CPU
		{24BB16C1-4BE8-4153-A060-45599F027D9E}.Debug|Any CPU.Build.0 = Debug|Any CPU
		{24BB16C1-4BE8-4153-A060-45599F027D9E}.Release|Any CPU.ActiveCfg = Release|Any CPU
		{24BB16C1-4BE8-4153-A060-45599F027D9E}.Release|Any CPU.Build.0 = Release|Any CPU
		{336DB0A1-C4BB-4B4B-8FDA-7DE6B5E54713}.Debug|Any CPU.ActiveCfg = Debug|Any CPU
		{336DB0A1-C4BB-4B4B-8FDA-7DE6B5E54713}.Debug|Any CPU.Build.0 = Debug|Any CPU
		{336DB0A1-C4BB-4B4B-8FDA-7DE6B5E54713}.Release|Any CPU.ActiveCfg = Release|Any CPU
		{336DB0A1-C4BB-4B4B-8FDA-7DE6B5E54713}.Release|Any CPU.Build.0 = Release|Any CPU
		{2DBDFA1F-1187-452D-9343-910B7DF9839B}.Debug|Any CPU.ActiveCfg = Debug|Any CPU
		{2DBDFA1F-1187-452D-9343-910B7DF9839B}.Debug|Any CPU.Build.0 = Debug|Any CPU
		{2DBDFA1F-1187-452D-9343-910B7DF9839B}.Release|Any CPU.ActiveCfg = Release|Any CPU
		{2DBDFA1F-1187-452D-9343-910B7DF9839B}.Release|Any CPU.Build.0 = Release|Any CPU
	EndGlobalSection
	GlobalSection(SolutionProperties) = preSolution
		HideSolutionNode = FALSE
	EndGlobalSection
	GlobalSection(ExtensibilityGlobals) = postSolution
		SolutionGuid = {234C4B2D-732F-46A2-BA0C-466EE275C41D}
	EndGlobalSection
EndGlobal
